{
  "name": "AnimeAvatar",
  "lockfileVersion": 2,
  "requires": true,
  "packages": {
    "": {
      "dependencies": {
        "md-editor-rt": "^2.2.1"
      }
    },
    "node_modules/@types/marked": {
      "version": "4.0.3",
      "resolved": "https://registry.npmjs.org/@types/marked/-/marked-4.0.3.tgz",
      "integrity": "sha512-HnMWQkLJEf/PnxZIfbm0yGJRRZYYMhb++O9M36UCTA9z53uPvVoSlAwJr3XOpDEryb7Hwl1qAx/MV6YIW1RXxg=="
    },
    "node_modules/md-editor-rt": {
      "version": "2.2.1",
      "resolved": "https://registry.npmjs.org/md-editor-rt/-/md-editor-rt-2.2.1.tgz",
      "integrity": "sha512-EHD343ZDP7M1zXn4E4kFU3w25Ni0DELuR2HhQKjuvRCujxWsMA8PYaRjrBjTnUAc/LsWdR7KvHYUtWeYnHHQ+g==",
      "dependencies": {
        "@types/marked": "^4.0.3"
      },
      "engines": {
        "node": ">=12.0.0"
      }
    }
  },
  "dependencies": {
    "@types/marked": {
      "version": "4.0.3",
      "resolved": "https://registry.npmjs.org/@types/marked/-/marked-4.0.3.tgz",
      "integrity": "sha512-HnMWQkLJEf/PnxZIfbm0yGJRRZYYMhb++O9M36UCTA9z53uPvVoSlAwJr3XOpDEryb7Hwl1qAx/MV6YIW1RXxg=="
    },
    "md-editor-rt": {
      "version": "2.2.1",
      "resolved": "https://registry.npmjs.org/md-editor-rt/-/md-editor-rt-2.2.1.tgz",
      "integrity": "sha512-EHD343ZDP7M1zXn4E4kFU3w25Ni0DELuR2HhQKjuvRCujxWsMA8PYaRjrBjTnUAc/LsWdR7KvHYUtWeYnHHQ+g==",
      "requires": {
        "@types/marked": "^4.0.3"
      }
    }
  }
}
